
Microsoft Visual Studio Solution File, Format Version 12.00
# Visual Studio Version 16
VisualStudioVersion = 16.0.30611.23
MinimumVisualStudioVersion = 10.0.40219.1
Project("{9A19103F-16F7-4668-BE54-9A1E7A4F7556}") = "AuthenticationService", "AuthenticationService.csproj", "{AA1DBE81-5796-4965-98CE-0B2C97F9DE5E}"
EndProject
Project("{FAE04EC0-301F-11D3-BF4B-00C04F79EFBC}") = "AuthenticationServiceTest", "..\AuthenticationServiceTest\AuthenticationServiceTest.csproj", "{F6AFA9CD-0044-4D20-A926-23D64764FDB0}"
EndProject
Global
	GlobalSection(SolutionConfigurationPlatforms) = preSolution
		Debug|Any CPU = Debug|Any CPU
		Release|Any CPU = Release|Any CPU
	EndGlobalSection
	GlobalSection(ProjectConfigurationPlatforms) = postSolution
		{AA1DBE81-5796-4965-98CE-0B2C97F9DE5E}.Debug|Any CPU.ActiveCfg = Debug|Any CPU
		{AA1DBE81-5796-4965-98CE-0B2C97F9DE5E}.Debug|Any CPU.Build.0 = Debug|Any CPU
		{AA1DBE81-5796-4965-98CE-0B2C97F9DE5E}.Release|Any CPU.ActiveCfg = Release|Any CPU
		{AA1DBE81-5796-4965-98CE-0B2C97F9DE5E}.Release|Any CPU.Build.0 = Release|Any CPU
		{F6AFA9CD-0044-4D20-A926-23D64764FDB0}.Debug|Any CPU.ActiveCfg = Debug|Any CPU
		{F6AFA9CD-0044-4D20-A926-23D64764FDB0}.Debug|Any CPU.Build.0 = Debug|Any CPU
		{F6AFA9CD-0044-4D20-A926-23D64764FDB0}.Release|Any CPU.ActiveCfg = Release|Any CPU
		{F6AFA9CD-0044-4D20-A926-23D64764FDB0}.Release|Any CPU.Build.0 = Release|Any CPU
	EndGlobalSection
	GlobalSection(SolutionProperties) = preSolution
		HideSolutionNode = FALSE
	EndGlobalSection
	GlobalSection(ExtensibilityGlobals) = postSolution
		SolutionGuid = {4E4C411C-95FB-414C-A236-0D84EAA6070A}
	EndGlobalSection
EndGlobal
